
Microsoft Visual Studio Solution File, Format Version 12.00
# Visual Studio Version 16
VisualStudioVersion = 16.0.29519.181
MinimumVisualStudioVersion = 10.0.40219.1
Project("{FAE04EC0-301F-11D3-BF4B-00C04F79EFBC}") = "BoatRental", "BoatRental\BoatRental.csproj", "{67E2D459-EA53-4568-A8E4-96B486ADD4C9}"
EndProject
Global
	GlobalSection(SolutionConfigurationPlatforms) = preSolution
		Debug|Any CPU = Debug|Any CPU
		Release|Any CPU = Release|Any CPU
	EndGlobalSection
	GlobalSection(ProjectConfigurationPlatforms) = postSolution
		{67E2D459-EA53-4568-A8E4-96B486ADD4C9}.Debug|Any CPU.ActiveCfg = Debug|Any CPU
		{67E2D459-EA53-4568-A8E4-96B486ADD4C9}.Debug|Any CPU.Build.0 = Debug|Any CPU
		{67E2D459-EA53-4568-A8E4-96B486ADD4C9}.Release|Any CPU.ActiveCfg = Release|Any CPU
		{67E2D459-EA53-4568-A8E4-96B486ADD4C9}.Release|Any CPU.Build.0 = Release|Any CPU
	EndGlobalSection
	GlobalSection(SolutionProperties) = preSolution
		HideSolutionNode = FALSE
	EndGlobalSection
	GlobalSection(ExtensibilityGlobals) = postSolution
		SolutionGuid = {03F42DCA-C5D7-47D7-A0D5-9A6BF8548720}
	EndGlobalSection
EndGlobal
